
Microsoft Visual Studio Solution File, Format Version 12.00
# Visual Studio 14
VisualStudioVersion = 14.0.24720.0
MinimumVisualStudioVersion = 10.0.40219.1
Project("{FAE04EC0-301F-11D3-BF4B-00C04F79EFBC}") = "Moody.Service.Domain", "Moody.Service.Domain\Moody.Service.Domain.csproj", "{C25A9156-1555-4B40-B4EC-7F09088D3423}"
EndProject
Project("{2150E333-8FDC-42A3-9474-1A3956D46DE8}") = "MaterialDesign", "MaterialDesign", "{326D9964-0747-444D-9955-0C9F28A8099E}"
EndProject
Project("{FAE04EC0-301F-11D3-BF4B-00C04F79EFBC}") = "MaterialDesignColors.Wpf", "MaterialDesignColors.Wpf\MaterialDesignColors.Wpf.csproj", "{90B53209-C60C-4655-B28D-A1B3E1044BA3}"
EndProject
Project("{FAE04EC0-301F-11D3-BF4B-00C04F79EFBC}") = "MaterialDesignThemes.Wpf", "MaterialDesignThemes.Wpf\MaterialDesignThemes.Wpf.csproj", "{F079FB0A-A8ED-4216-B6A5-345756751A04}"
EndProject
Project("{FAE04EC0-301F-11D3-BF4B-00C04F79EFBC}") = "Moody.DAL", "Moody.DAL\Moody.DAL.csproj", "{D34DD514-4AF3-4F60-9E5C-8E81CE029F03}"
EndProject
Project("{FAE04EC0-301F-11D3-BF4B-00C04F79EFBC}") = "Moody.DAL.Contract", "Moody.DAL.Contract\Moody.DAL.Contract.csproj", "{6DA868DB-2213-4F37-8B9E-850619698BAE}"
EndProject
Project("{FAE04EC0-301F-11D3-BF4B-00C04F79EFBC}") = "Moody.DAL.Utility", "Moody.DAL.Utility\Moody.DAL.Utility.csproj", "{B1201C80-8D00-4CF2-BC14-E3881952D3FF}"
EndProject
Project("{FAE04EC0-301F-11D3-BF4B-00C04F79EFBC}") = "Moody.DAL.Test", "Moody.DAL.Test\Moody.DAL.Test.csproj", "{B4D42D5A-61DA-4D02-840A-CE8DBCE64EBF}"
EndProject
Project("{FAE04EC0-301F-11D3-BF4B-00C04F79EFBC}") = "Moody.UI", "Moody.UI\Moody.UI.csproj", "{BFA08B16-15CE-4734-A9B8-A512032F3C75}"
EndProject
Project("{FAE04EC0-301F-11D3-BF4B-00C04F79EFBC}") = "Moody.UI.Context", "Moody.UI.Context\Moody.UI.Context.csproj", "{D263D8FE-2B75-43F2-A2AB-FA6F3E02E0E8}"
EndProject
Project("{FAE04EC0-301F-11D3-BF4B-00C04F79EFBC}") = "Moody.Service.BLL", "Moody.Service.BLL\Moody.Service.BLL.csproj", "{F137E157-B8C8-433F-90C0-DFD45F6F202E}"
EndProject
Project("{FAE04EC0-301F-11D3-BF4B-00C04F79EFBC}") = "Moody.Service.Contract", "Moody.Service.Contract\Moody.Service.Contract.csproj", "{8B5C50FF-3E46-427B-927A-F69495CE5406}"
EndProject
Project("{FAE04EC0-301F-11D3-BF4B-00C04F79EFBC}") = "Moody.Service.Utility", "Moody.Service.Utility\Moody.Service.Utility.csproj", "{8E5557A3-9B21-40DD-92BF-CE3A39E7D6CA}"
EndProject
Project("{FAE04EC0-301F-11D3-BF4B-00C04F79EFBC}") = "Moody.Exception", "Moody.Exception\Moody.Exception.csproj", "{847FD136-3008-4137-A3C1-386F86F1BEE7}"
EndProject
Project("{FAE04EC0-301F-11D3-BF4B-00C04F79EFBC}") = "Moody.UI.Contract", "Moody.UI.Contract\Moody.UI.Contract.csproj", "{F7C7695C-CD15-4A64-86C6-171155895632}"
EndProject
Project("{FAE04EC0-301F-11D3-BF4B-00C04F79EFBC}") = "Moody.UI.ViewModel", "Moody.UI.ViewModel\Moody.UI.ViewModel.csproj", "{338BF82C-7D42-46EE-8B6A-CB75FC223070}"
EndProject
Project("{FAE04EC0-301F-11D3-BF4B-00C04F79EFBC}") = "Moody.UI.Utility", "Moody.UI.Utility\Moody.UI.Utility.csproj", "{CDB4BFE2-D52F-4774-A0ED-C7639B7A7DAB}"
EndProject
Project("{FAE04EC0-301F-11D3-BF4B-00C04F79EFBC}") = "Moody.UI.Control", "Moody.UI.Control\Moody.UI.Control.csproj", "{98020320-3C0D-4F4F-8B6E-5B13A29BFFDE}"
EndProject
Project("{FAE04EC0-301F-11D3-BF4B-00C04F79EFBC}") = "Moody.UI.Bootstrapper", "Moody.UI.Bootstrapper\Moody.UI.Bootstrapper.csproj", "{1BA8F679-B763-4AB9-B763-80E5276CB570}"
EndProject
Project("{FAE04EC0-301F-11D3-BF4B-00C04F79EFBC}") = "Moody.Service.BLL.Test", "Moody.Service.BLL.Test\Moody.Service.BLL.Test.csproj", "{EEF8D977-9B4A-4483-B002-F42CC9DB3DA4}"
EndProject
Global
	GlobalSection(SolutionConfigurationPlatforms) = preSolution
		AppVeyor|Any CPU = AppVeyor|Any CPU
		Debug|Any CPU = Debug|Any CPU
		Release|Any CPU = Release|Any CPU
	EndGlobalSection
	GlobalSection(ProjectConfigurationPlatforms) = postSolution
		{C25A9156-1555-4B40-B4EC-7F09088D3423}.AppVeyor|Any CPU.ActiveCfg = Release|Any CPU
		{C25A9156-1555-4B40-B4EC-7F09088D3423}.AppVeyor|Any CPU.Build.0 = Release|Any CPU
		{C25A9156-1555-4B40-B4EC-7F09088D3423}.Debug|Any CPU.ActiveCfg = Debug|Any CPU
		{C25A9156-1555-4B40-B4EC-7F09088D3423}.Debug|Any CPU.Build.0 = Debug|Any CPU
		{C25A9156-1555-4B40-B4EC-7F09088D3423}.Release|Any CPU.ActiveCfg = Release|Any CPU
		{C25A9156-1555-4B40-B4EC-7F09088D3423}.Release|Any CPU.Build.0 = Release|Any CPU
		{90B53209-C60C-4655-B28D-A1B3E1044BA3}.AppVeyor|Any CPU.ActiveCfg = AppVeyor|Any CPU
		{90B53209-C60C-4655-B28D-A1B3E1044BA3}.AppVeyor|Any CPU.Build.0 = AppVeyor|Any CPU
		{90B53209-C60C-4655-B28D-A1B3E1044BA3}.Debug|Any CPU.ActiveCfg = Debug|Any CPU
		{90B53209-C60C-4655-B28D-A1B3E1044BA3}.Debug|Any CPU.Build.0 = Debug|Any CPU
		{90B53209-C60C-4655-B28D-A1B3E1044BA3}.Release|Any CPU.ActiveCfg = Release|Any CPU
		{90B53209-C60C-4655-B28D-A1B3E1044BA3}.Release|Any CPU.Build.0 = Release|Any CPU
		{F079FB0A-A8ED-4216-B6A5-345756751A04}.AppVeyor|Any CPU.ActiveCfg = AppVeyor|Any CPU
		{F079FB0A-A8ED-4216-B6A5-345756751A04}.AppVeyor|Any CPU.Build.0 = AppVeyor|Any CPU
		{F079FB0A-A8ED-4216-B6A5-345756751A04}.Debug|Any CPU.ActiveCfg = Debug|Any CPU
		{F079FB0A-A8ED-4216-B6A5-345756751A04}.Debug|Any CPU.Build.0 = Debug|Any CPU
		{F079FB0A-A8ED-4216-B6A5-345756751A04}.Release|Any CPU.ActiveCfg = Release|Any CPU
		{F079FB0A-A8ED-4216-B6A5-345756751A04}.Release|Any CPU.Build.0 = Release|Any CPU
		{D34DD514-4AF3-4F60-9E5C-8E81CE029F03}.AppVeyor|Any CPU.ActiveCfg = Release|Any CPU
		{D34DD514-4AF3-4F60-9E5C-8E81CE029F03}.AppVeyor|Any CPU.Build.0 = Release|Any CPU
		{D34DD514-4AF3-4F60-9E5C-8E81CE029F03}.Debug|Any CPU.ActiveCfg = Debug|Any CPU
		{D34DD514-4AF3-4F60-9E5C-8E81CE029F03}.Debug|Any CPU.Build.0 = Debug|Any CPU
		{D34DD514-4AF3-4F60-9E5C-8E81CE029F03}.Release|Any CPU.ActiveCfg = Release|Any CPU
		{D34DD514-4AF3-4F60-9E5C-8E81CE029F03}.Release|Any CPU.Build.0 = Release|Any CPU
		{6DA868DB-2213-4F37-8B9E-850619698BAE}.AppVeyor|Any CPU.ActiveCfg = Release|Any CPU
		{6DA868DB-2213-4F37-8B9E-850619698BAE}.AppVeyor|Any CPU.Build.0 = Release|Any CPU
		{6DA868DB-2213-4F37-8B9E-850619698BAE}.Debug|Any CPU.ActiveCfg = Debug|Any CPU
		{6DA868DB-2213-4F37-8B9E-850619698BAE}.Debug|Any CPU.Build.0 = Debug|Any CPU
		{6DA868DB-2213-4F37-8B9E-850619698BAE}.Release|Any CPU.ActiveCfg = Release|Any CPU
		{6DA868DB-2213-4F37-8B9E-850619698BAE}.Release|Any CPU.Build.0 = Release|Any CPU
		{B1201C80-8D00-4CF2-BC14-E3881952D3FF}.AppVeyor|Any CPU.ActiveCfg = Release|Any CPU
		{B1201C80-8D00-4CF2-BC14-E3881952D3FF}.AppVeyor|Any CPU.Build.0 = Release|Any CPU
		{B1201C80-8D00-4CF2-BC14-E3881952D3FF}.Debug|Any CPU.ActiveCfg = Debug|Any CPU
		{B1201C80-8D00-4CF2-BC14-E3881952D3FF}.Debug|Any CPU.Build.0 = Debug|Any CPU
		{B1201C80-8D00-4CF2-BC14-E3881952D3FF}.Release|Any CPU.ActiveCfg = Release|Any CPU
		{B1201C80-8D00-4CF2-BC14-E3881952D3FF}.Release|Any CPU.Build.0 = Release|Any CPU
		{B4D42D5A-61DA-4D02-840A-CE8DBCE64EBF}.AppVeyor|Any CPU.ActiveCfg = Release|Any CPU
		{B4D42D5A-61DA-4D02-840A-CE8DBCE64EBF}.AppVeyor|Any CPU.Build.0 = Release|Any CPU
		{B4D42D5A-61DA-4D02-840A-CE8DBCE64EBF}.Debug|Any CPU.ActiveCfg = Debug|Any CPU
		{B4D42D5A-61DA-4D02-840A-CE8DBCE64EBF}.Debug|Any CPU.Build.0 = Debug|Any CPU
		{B4D42D5A-61DA-4D02-840A-CE8DBCE64EBF}.Release|Any CPU.ActiveCfg = Release|Any CPU
		{B4D42D5A-61DA-4D02-840A-CE8DBCE64EBF}.Release|Any CPU.Build.0 = Release|Any CPU
		{BFA08B16-15CE-4734-A9B8-A512032F3C75}.AppVeyor|Any CPU.ActiveCfg = Release|Any CPU
		{BFA08B16-15CE-4734-A9B8-A512032F3C75}.AppVeyor|Any CPU.Build.0 = Release|Any CPU
		{BFA08B16-15CE-4734-A9B8-A512032F3C75}.Debug|Any CPU.ActiveCfg = Debug|Any CPU
		{BFA08B16-15CE-4734-A9B8-A512032F3C75}.Debug|Any CPU.Build.0 = Debug|Any CPU
		{BFA08B16-15CE-4734-A9B8-A512032F3C75}.Release|Any CPU.ActiveCfg = Release|Any CPU
		{BFA08B16-15CE-4734-A9B8-A512032F3C75}.Release|Any CPU.Build.0 = Release|Any CPU
		{D263D8FE-2B75-43F2-A2AB-FA6F3E02E0E8}.AppVeyor|Any CPU.ActiveCfg = Release|Any CPU
		{D263D8FE-2B75-43F2-A2AB-FA6F3E02E0E8}.AppVeyor|Any CPU.Build.0 = Release|Any CPU
		{D263D8FE-2B75-43F2-A2AB-FA6F3E02E0E8}.Debug|Any CPU.ActiveCfg = Debug|Any CPU
		{D263D8FE-2B75-43F2-A2AB-FA6F3E02E0E8}.Debug|Any CPU.Build.0 = Debug|Any CPU
		{D263D8FE-2B75-43F2-A2AB-FA6F3E02E0E8}.Release|Any CPU.ActiveCfg = Release|Any CPU
		{D263D8FE-2B75-43F2-A2AB-FA6F3E02E0E8}.Release|Any CPU.Build.0 = Release|Any CPU
		{F137E157-B8C8-433F-90C0-DFD45F6F202E}.AppVeyor|Any CPU.ActiveCfg = Release|Any CPU
		{F137E157-B8C8-433F-90C0-DFD45F6F202E}.AppVeyor|Any CPU.Build.0 = Release|Any CPU
		{F137E157-B8C8-433F-90C0-DFD45F6F202E}.Debug|Any CPU.ActiveCfg = Debug|Any CPU
		{F137E157-B8C8-433F-90C0-DFD45F6F202E}.Debug|Any CPU.Build.0 = Debug|Any CPU
		{F137E157-B8C8-433F-90C0-DFD45F6F202E}.Release|Any CPU.ActiveCfg = Release|Any CPU
		{F137E157-B8C8-433F-90C0-DFD45F6F202E}.Release|Any CPU.Build.0 = Release|Any CPU
		{8B5C50FF-3E46-427B-927A-F69495CE5406}.AppVeyor|Any CPU.ActiveCfg = Release|Any CPU
		{8B5C50FF-3E46-427B-927A-F69495CE5406}.AppVeyor|Any CPU.Build.0 = Release|Any CPU
		{8B5C50FF-3E46-427B-927A-F69495CE5406}.Debug|Any CPU.ActiveCfg = Debug|Any CPU
		{8B5C50FF-3E46-427B-927A-F69495CE5406}.Debug|Any CPU.Build.0 = Debug|Any CPU
		{8B5C50FF-3E46-427B-927A-F69495CE5406}.Release|Any CPU.ActiveCfg = Release|Any CPU
		{8B5C50FF-3E46-427B-927A-F69495CE5406}.Release|Any CPU.Build.0 = Release|Any CPU
		{8E5557A3-9B21-40DD-92BF-CE3A39E7D6CA}.AppVeyor|Any CPU.ActiveCfg = Release|Any CPU
		{8E5557A3-9B21-40DD-92BF-CE3A39E7D6CA}.AppVeyor|Any CPU.Build.0 = Release|Any CPU
		{8E5557A3-9B21-40DD-92BF-CE3A39E7D6CA}.Debug|Any CPU.ActiveCfg = Debug|Any CPU
		{8E5557A3-9B21-40DD-92BF-CE3A39E7D6CA}.Debug|Any CPU.Build.0 = Debug|Any CPU
		{8E5557A3-9B21-40DD-92BF-CE3A39E7D6CA}.Release|Any CPU.ActiveCfg = Release|Any CPU
		{8E5557A3-9B21-40DD-92BF-CE3A39E7D6CA}.Release|Any CPU.Build.0 = Release|Any CPU
		{847FD136-3008-4137-A3C1-386F86F1BEE7}.AppVeyor|Any CPU.ActiveCfg = Release|Any CPU
		{847FD136-3008-4137-A3C1-386F86F1BEE7}.AppVeyor|Any CPU.Build.0 = Release|Any CPU
		{847FD136-3008-4137-A3C1-386F86F1BEE7}.Debug|Any CPU.ActiveCfg = Debug|Any CPU
		{847FD136-3008-4137-A3C1-386F86F1BEE7}.Debug|Any CPU.Build.0 = Debug|Any CPU
		{847FD136-3008-4137-A3C1-386F86F1BEE7}.Release|Any CPU.ActiveCfg = Release|Any CPU
		{847FD136-3008-4137-A3C1-386F86F1BEE7}.Release|Any CPU.Build.0 = Release|Any CPU
		{F7C7695C-CD15-4A64-86C6-171155895632}.AppVeyor|Any CPU.ActiveCfg = Release|Any CPU
		{F7C7695C-CD15-4A64-86C6-171155895632}.AppVeyor|Any CPU.Build.0 = Release|Any CPU
		{F7C7695C-CD15-4A64-86C6-171155895632}.Debug|Any CPU.ActiveCfg = Debug|Any CPU
		{F7C7695C-CD15-4A64-86C6-171155895632}.Debug|Any CPU.Build.0 = Debug|Any CPU
		{F7C7695C-CD15-4A64-86C6-171155895632}.Release|Any CPU.ActiveCfg = Release|Any CPU
		{F7C7695C-CD15-4A64-86C6-171155895632}.Release|Any CPU.Build.0 = Release|Any CPU
		{338BF82C-7D42-46EE-8B6A-CB75FC223070}.AppVeyor|Any CPU.ActiveCfg = Release|Any CPU
		{338BF82C-7D42-46EE-8B6A-CB75FC223070}.AppVeyor|Any CPU.Build.0 = Release|Any CPU
		{338BF82C-7D42-46EE-8B6A-CB75FC223070}.Debug|Any CPU.ActiveCfg = Debug|Any CPU
		{338BF82C-7D42-46EE-8B6A-CB75FC223070}.Debug|Any CPU.Build.0 = Debug|Any CPU
		{338BF82C-7D42-46EE-8B6A-CB75FC223070}.Release|Any CPU.ActiveCfg = Release|Any CPU
		{338BF82C-7D42-46EE-8B6A-CB75FC223070}.Release|Any CPU.Build.0 = Release|Any CPU
		{CDB4BFE2-D52F-4774-A0ED-C7639B7A7DAB}.AppVeyor|Any CPU.ActiveCfg = Release|Any CPU
		{CDB4BFE2-D52F-4774-A0ED-C7639B7A7DAB}.AppVeyor|Any CPU.Build.0 = Release|Any CPU
		{CDB4BFE2-D52F-4774-A0ED-C7639B7A7DAB}.Debug|Any CPU.ActiveCfg = Debug|Any CPU
		{CDB4BFE2-D52F-4774-A0ED-C7639B7A7DAB}.Debug|Any CPU.Build.0 = Debug|Any CPU
		{CDB4BFE2-D52F-4774-A0ED-C7639B7A7DAB}.Release|Any CPU.ActiveCfg = Release|Any CPU
		{CDB4BFE2-D52F-4774-A0ED-C7639B7A7DAB}.Release|Any CPU.Build.0 = Release|Any CPU
		{98020320-3C0D-4F4F-8B6E-5B13A29BFFDE}.AppVeyor|Any CPU.ActiveCfg = Release|Any CPU
		{98020320-3C0D-4F4F-8B6E-5B13A29BFFDE}.AppVeyor|Any CPU.Build.0 = Release|Any CPU
		{98020320-3C0D-4F4F-8B6E-5B13A29BFFDE}.Debug|Any CPU.ActiveCfg = Debug|Any CPU
		{98020320-3C0D-4F4F-8B6E-5B13A29BFFDE}.Debug|Any CPU.Build.0 = Debug|Any CPU
		{98020320-3C0D-4F4F-8B6E-5B13A29BFFDE}.Release|Any CPU.ActiveCfg = Release|Any CPU
		{98020320-3C0D-4F4F-8B6E-5B13A29BFFDE}.Release|Any CPU.Build.0 = Release|Any CPU
		{1BA8F679-B763-4AB9-B763-80E5276CB570}.AppVeyor|Any CPU.ActiveCfg = Release|Any CPU
		{1BA8F679-B763-4AB9-B763-80E5276CB570}.AppVeyor|Any CPU.Build.0 = Release|Any CPU
		{1BA8F679-B763-4AB9-B763-80E5276CB570}.Debug|Any CPU.ActiveCfg = Debug|Any CPU
		{1BA8F679-B763-4AB9-B763-80E5276CB570}.Debug|Any CPU.Build.0 = Debug|Any CPU
		{1BA8F679-B763-4AB9-B763-80E5276CB570}.Release|Any CPU.ActiveCfg = Release|Any CPU
		{1BA8F679-B763-4AB9-B763-80E5276CB570}.Release|Any CPU.Build.0 = Release|Any CPU
		{EEF8D977-9B4A-4483-B002-F42CC9DB3DA4}.AppVeyor|Any CPU.ActiveCfg = Release|Any CPU
		{EEF8D977-9B4A-4483-B002-F42CC9DB3DA4}.AppVeyor|Any CPU.Build.0 = Release|Any CPU
		{EEF8D977-9B4A-4483-B002-F42CC9DB3DA4}.Debug|Any CPU.ActiveCfg = Debug|Any CPU
		{EEF8D977-9B4A-4483-B002-F42CC9DB3DA4}.Debug|Any CPU.Build.0 = Debug|Any CPU
		{EEF8D977-9B4A-4483-B002-F42CC9DB3DA4}.Release|Any CPU.ActiveCfg = Release|Any CPU
		{EEF8D977-9B4A-4483-B002-F42CC9DB3DA4}.Release|Any CPU.Build.0 = Release|Any CPU
	EndGlobalSection
	GlobalSection(SolutionProperties) = preSolution
		HideSolutionNode = FALSE
	EndGlobalSection
	GlobalSection(NestedProjects) = preSolution
		{90B53209-C60C-4655-B28D-A1B3E1044BA3} = {326D9964-0747-444D-9955-0C9F28A8099E}
		{F079FB0A-A8ED-4216-B6A5-345756751A04} = {326D9964-0747-444D-9955-0C9F28A8099E}
	EndGlobalSection
EndGlobal
